
Microsoft Visual Studio Solution File, Format Version 11.00
# Visual C++ Express 2010
Project("{8BC9CEB8-8B4A-11D0-8D11-00A0C91BC942}") = "ThinkGear", "ThinkGear\ThinkGear.vcxproj", "{44FEC66D-2217-4890-90B8-F89BAA5A5D3B}"
EndProject
Global
	GlobalSection(SolutionConfigurationPlatforms) = preSolution
		Debug|Win32 = Debug|Win32
		Release|Win32 = Release|Win32
	EndGlobalSection
	GlobalSection(ProjectConfigurationPlatforms) = postSolution
		{44FEC66D-2217-4890-90B8-F89BAA5A5D3B}.Debug|Win32.ActiveCfg = Debug|Win32
		{44FEC66D-2217-4890-90B8-F89BAA5A5D3B}.Debug|Win32.Build.0 = Debug|Win32
		{44FEC66D-2217-4890-90B8-F89BAA5A5D3B}.Release|Win32.ActiveCfg = Release|Win32
		{44FEC66D-2217-4890-90B8-F89BAA5A5D3B}.Release|Win32.Build.0 = Release|Win32
	EndGlobalSection
	GlobalSection(SolutionProperties) = preSolution
		HideSolutionNode = FALSE
	EndGlobalSection
EndGlobal
