
Microsoft Visual Studio Solution File, Format Version 11.00
# Visual C++ Express 2010
Project("{8BC9CEB8-8B4A-11D0-8D11-00A0C91BC942}") = "PixelClass", "PixelClass\PixelClass.vcxproj", "{85FBD7BE-AC80-4F1E-8967-4C74A0CC3368}"
EndProject
Global
	GlobalSection(SolutionConfigurationPlatforms) = preSolution
		Debug|Win32 = Debug|Win32
		Release|Win32 = Release|Win32
	EndGlobalSection
	GlobalSection(ProjectConfigurationPlatforms) = postSolution
		{85FBD7BE-AC80-4F1E-8967-4C74A0CC3368}.Debug|Win32.ActiveCfg = Debug|Win32
		{85FBD7BE-AC80-4F1E-8967-4C74A0CC3368}.Debug|Win32.Build.0 = Debug|Win32
		{85FBD7BE-AC80-4F1E-8967-4C74A0CC3368}.Release|Win32.ActiveCfg = Release|Win32
		{85FBD7BE-AC80-4F1E-8967-4C74A0CC3368}.Release|Win32.Build.0 = Release|Win32
	EndGlobalSection
	GlobalSection(SolutionProperties) = preSolution
		HideSolutionNode = FALSE
	EndGlobalSection
EndGlobal
